
Microsoft Visual Studio Solution File, Format Version 12.00
# Visual Studio Version 17
VisualStudioVersion = 17.5.002.0
MinimumVisualStudioVersion = 10.0.40219.1
Project("{9A19103F-16F7-4668-BE54-9A1E7A4F7556}") = "BackEndWebApp", "BackEndWebApp\BackEndWebApp.csproj", "{74DB6B87-0CAF-46B1-A6E4-777360F09D28}"
EndProject
Global
	GlobalSection(SolutionConfigurationPlatforms) = preSolution
		Debug|Any CPU = Debug|Any CPU
		Release|Any CPU = Release|Any CPU
	EndGlobalSection
	GlobalSection(ProjectConfigurationPlatforms) = postSolution
		{74DB6B87-0CAF-46B1-A6E4-777360F09D28}.Debug|Any CPU.ActiveCfg = Debug|Any CPU
		{74DB6B87-0CAF-46B1-A6E4-777360F09D28}.Debug|Any CPU.Build.0 = Debug|Any CPU
		{74DB6B87-0CAF-46B1-A6E4-777360F09D28}.Release|Any CPU.ActiveCfg = Release|Any CPU
		{74DB6B87-0CAF-46B1-A6E4-777360F09D28}.Release|Any CPU.Build.0 = Release|Any CPU
	EndGlobalSection
	GlobalSection(SolutionProperties) = preSolution
		HideSolutionNode = FALSE
	EndGlobalSection
	GlobalSection(ExtensibilityGlobals) = postSolution
		SolutionGuid = {B19516D1-E165-488F-8416-73404285FAC8}
	EndGlobalSection
EndGlobal
